
Microsoft Visual Studio Solution File, Format Version 12.00
# Visual Studio 15
VisualStudioVersion = 15.0.27130.2010
MinimumVisualStudioVersion = 10.0.40219.1
Project("{2150E333-8FDC-42A3-9474-1A3956D46DE8}") = "Configuration", "Configuration", "{BB8368FA-BE14-4A3A-8FAD-BDA6CBDB8C64}"
	ProjectSection(SolutionItems) = preProject
		.gitignore = .gitignore
		NuGet.config = NuGet.config
		README.md = README.md
	EndProjectSection
EndProject
Project("{2150E333-8FDC-42A3-9474-1A3956D46DE8}") = "Feature", "Feature", "{2227F8C8-D9C9-4828-89B4-AC059EBDCF9B}"
EndProject
Project("{2150E333-8FDC-42A3-9474-1A3956D46DE8}") = "Foundation", "Foundation", "{76EB23E0-57D2-452E-BDB3-CE26B9E7234A}"
EndProject
Project("{2150E333-8FDC-42A3-9474-1A3956D46DE8}") = "LaunchDemo", "LaunchDemo", "{D59B5ED1-EEEA-4145-9337-B58694639E1D}"
EndProject
Project("{2150E333-8FDC-42A3-9474-1A3956D46DE8}") = "ImageSearch", "ImageSearch", "{C92BB4E6-842A-438A-8700-1FCE50AD123A}"
EndProject
Project("{2150E333-8FDC-42A3-9474-1A3956D46DE8}") = "OleChat", "OleChat", "{D1A512A3-DD04-4E9C-B758-4C7953EE3606}"
EndProject
Project("{2150E333-8FDC-42A3-9474-1A3956D46DE8}") = "MSSDK", "MSSDK", "{F630EF68-B9D0-4993-B47E-25374CF51C0A}"
EndProject
Project("{2150E333-8FDC-42A3-9474-1A3956D46DE8}") = "SCSDK", "SCSDK", "{F9BBFC7C-C4FA-4151-8A3E-CB2B6655A5B4}"
EndProject
Project("{2150E333-8FDC-42A3-9474-1A3956D46DE8}") = "Gulp", "Gulp", "{751C49B8-4129-4BFA-9834-7E1B7119368B}"
	ProjectSection(SolutionItems) = preProject
		gulpfile.js = gulpfile.js
		scripts\habitat.js = scripts\habitat.js
		package.json = package.json
		scripts\unicorn.js = scripts\unicorn.js
	EndProjectSection
EndProject
Project("{2150E333-8FDC-42A3-9474-1A3956D46DE8}") = "Templates", "Templates", "{4784AB7A-0B87-436A-8E96-D4D63BB9C0E2}"
	ProjectSection(SolutionItems) = preProject
		src\Feature\ImageSearch\code\Properties\PublishProfiles\deploy.pubxml.template = src\Feature\ImageSearch\code\Properties\PublishProfiles\deploy.pubxml.template
		src\Feature\LaunchDemo\code\Properties\PublishProfiles\deploy.pubxml.template = src\Feature\LaunchDemo\code\Properties\PublishProfiles\deploy.pubxml.template
		src\Feature\OleChat\code\Properties\PublishProfiles\deploy.pubxml.template = src\Feature\OleChat\code\Properties\PublishProfiles\deploy.pubxml.template
		src\Foundation\SCSDK\code\Properties\PublishProfiles\deploy.pubxml.template = src\Foundation\SCSDK\code\Properties\PublishProfiles\deploy.pubxml.template
		gulp-config.js.template = gulp-config.js.template
		publishsettings.targets.template = publishsettings.targets.template
		src\Foundation\SCSDK\code\App_Config\Include\SitecoreCognitiveServices\SitecoreCognitiveServices.Foundation.SCSDK.config.template = src\Foundation\SCSDK\code\App_Config\Include\SitecoreCognitiveServices\SitecoreCognitiveServices.Foundation.SCSDK.config.template
		src\Foundation\SCSDK\code\App_Config\Include\SitecoreCognitiveServices\UnicornSerializationRoot.config.template = src\Foundation\SCSDK\code\App_Config\Include\SitecoreCognitiveServices\UnicornSerializationRoot.config.template
	EndProjectSection
EndProject
Project("{FAE04EC0-301F-11D3-BF4B-00C04F79EFBC}") = "SitecoreCognitiveServices.Feature.ImageSearch", "src\Feature\ImageSearch\code\SitecoreCognitiveServices.Feature.ImageSearch.csproj", "{449CE943-4EF2-4DDF-AD16-37DCC62CFCFD}"
EndProject
Project("{FAE04EC0-301F-11D3-BF4B-00C04F79EFBC}") = "SitecoreCognitiveServices.Feature.ImageSearch.Tests", "src\Feature\ImageSearch\tests\SitecoreCognitiveServices.Feature.ImageSearch.Tests.csproj", "{5661CBBC-D134-49D6-A3BB-44EB0DC87759}"
EndProject
Project("{FAE04EC0-301F-11D3-BF4B-00C04F79EFBC}") = "SitecoreCognitiveServices.Feature.OleChat", "src\Feature\OleChat\code\SitecoreCognitiveServices.Feature.OleChat.csproj", "{B6AFA26B-B8D7-4DF6-8AB2-5AD3A8D216E3}"
EndProject
Project("{FAE04EC0-301F-11D3-BF4B-00C04F79EFBC}") = "SitecoreCognitiveServices.Feature.OleChat.Tests", "src\Feature\OleChat\tests\SitecoreCognitiveServices.Feature.OleChat.Tests.csproj", "{FB32BF28-C112-4EA0-A45D-D117E69CAF87}"
EndProject
Project("{FAE04EC0-301F-11D3-BF4B-00C04F79EFBC}") = "SitecoreCognitiveServices.Foundation.SCSDK", "src\Foundation\SCSDK\code\SitecoreCognitiveServices.Foundation.SCSDK.csproj", "{FDC8D88E-569D-45DF-B1D9-0F0A75B640CC}"
EndProject
Project("{FAE04EC0-301F-11D3-BF4B-00C04F79EFBC}") = "SitecoreCognitiveServices.Foundation.SCSDK.Tests", "src\Foundation\SCSDK\tests\SitecoreCognitiveServices.Foundation.SCSDK.Tests.csproj", "{C0B780DF-9D25-4EDF-89BE-76177B6BF498}"
EndProject
Project("{FAE04EC0-301F-11D3-BF4B-00C04F79EFBC}") = "SitecoreCognitiveServices.Foundation.MSSDK", "src\Foundation\MSSDK\code\SitecoreCognitiveServices.Foundation.MSSDK.csproj", "{13ECB0DB-E99D-4D05-97E8-138EB3884353}"
EndProject
Project("{2150E333-8FDC-42A3-9474-1A3956D46DE8}") = "Properties", "Properties", "{36A40F78-1E26-4067-89AA-81962EF1BE63}"
	ProjectSection(SolutionItems) = preProject
		scripts\nant\properties\default.properties = scripts\nant\properties\default.properties
		scripts\nant\global.properties = scripts\nant\global.properties
		scripts\nant\properties\local.properties = scripts\nant\properties\local.properties
		scripts\nant\properties\local.properties.example = scripts\nant\properties\local.properties.example
	EndProjectSection
EndProject
Project("{2150E333-8FDC-42A3-9474-1A3956D46DE8}") = "Project", "Project", "{55176B29-8A0D-458B-8CC0-D0CAF93D40BF}"
EndProject
Project("{FAE04EC0-301F-11D3-BF4B-00C04F79EFBC}") = "SitecoreCognitiveServices.Project.LaunchDemo", "src\Project\LaunchDemo\code\SitecoreCognitiveServices.Project.LaunchDemo.csproj", "{9CA71E35-CA1A-4277-B6F8-DAD07F86AAE3}"
EndProject
Project("{2150E333-8FDC-42A3-9474-1A3956D46DE8}") = "IBMSDK", "IBMSDK", "{91665DC0-B470-488C-9047-A89614668F85}"
EndProject
Project("{FAE04EC0-301F-11D3-BF4B-00C04F79EFBC}") = "SitecoreCognitiveServices.Foundation.IBMSDK", "src\Foundation\IBMSDK\code\SitecoreCognitiveServices.Foundation.IBMSDK.csproj", "{369FD581-2F6F-47F0-80F3-25F8209FFDD0}"
EndProject
Project("{2150E333-8FDC-42A3-9474-1A3956D46DE8}") = "APIs", "APIs", "{7793F3F0-1D38-495B-8E47-2F1F94C37D3F}"
	ProjectSection(SolutionItems) = preProject
		serialization\SCS\SCSDK\System-Settings-APIs\APIs\IBMSDK.yml.template = serialization\SCS\SCSDK\System-Settings-APIs\APIs\IBMSDK.yml.template
		serialization\SCS\SCSDK\System-Settings-APIs\APIs\MSSDK.yml.template = serialization\SCS\SCSDK\System-Settings-APIs\APIs\MSSDK.yml.template
	EndProjectSection
EndProject
Global
	GlobalSection(SolutionConfigurationPlatforms) = preSolution
		Debug|Any CPU = Debug|Any CPU
		Release|Any CPU = Release|Any CPU
	EndGlobalSection
	GlobalSection(ProjectConfigurationPlatforms) = postSolution
		{449CE943-4EF2-4DDF-AD16-37DCC62CFCFD}.Debug|Any CPU.ActiveCfg = Debug|Any CPU
		{449CE943-4EF2-4DDF-AD16-37DCC62CFCFD}.Debug|Any CPU.Build.0 = Debug|Any CPU
		{449CE943-4EF2-4DDF-AD16-37DCC62CFCFD}.Release|Any CPU.ActiveCfg = Release|Any CPU
		{449CE943-4EF2-4DDF-AD16-37DCC62CFCFD}.Release|Any CPU.Build.0 = Release|Any CPU
		{5661CBBC-D134-49D6-A3BB-44EB0DC87759}.Debug|Any CPU.ActiveCfg = Debug|Any CPU
		{5661CBBC-D134-49D6-A3BB-44EB0DC87759}.Debug|Any CPU.Build.0 = Debug|Any CPU
		{5661CBBC-D134-49D6-A3BB-44EB0DC87759}.Release|Any CPU.ActiveCfg = Release|Any CPU
		{5661CBBC-D134-49D6-A3BB-44EB0DC87759}.Release|Any CPU.Build.0 = Release|Any CPU
		{B6AFA26B-B8D7-4DF6-8AB2-5AD3A8D216E3}.Debug|Any CPU.ActiveCfg = Debug|Any CPU
		{B6AFA26B-B8D7-4DF6-8AB2-5AD3A8D216E3}.Debug|Any CPU.Build.0 = Debug|Any CPU
		{B6AFA26B-B8D7-4DF6-8AB2-5AD3A8D216E3}.Release|Any CPU.ActiveCfg = Release|Any CPU
		{B6AFA26B-B8D7-4DF6-8AB2-5AD3A8D216E3}.Release|Any CPU.Build.0 = Release|Any CPU
		{FB32BF28-C112-4EA0-A45D-D117E69CAF87}.Debug|Any CPU.ActiveCfg = Debug|Any CPU
		{FB32BF28-C112-4EA0-A45D-D117E69CAF87}.Debug|Any CPU.Build.0 = Debug|Any CPU
		{FB32BF28-C112-4EA0-A45D-D117E69CAF87}.Release|Any CPU.ActiveCfg = Release|Any CPU
		{FB32BF28-C112-4EA0-A45D-D117E69CAF87}.Release|Any CPU.Build.0 = Release|Any CPU
		{FDC8D88E-569D-45DF-B1D9-0F0A75B640CC}.Debug|Any CPU.ActiveCfg = Debug|Any CPU
		{FDC8D88E-569D-45DF-B1D9-0F0A75B640CC}.Debug|Any CPU.Build.0 = Debug|Any CPU
		{FDC8D88E-569D-45DF-B1D9-0F0A75B640CC}.Release|Any CPU.ActiveCfg = Release|Any CPU
		{FDC8D88E-569D-45DF-B1D9-0F0A75B640CC}.Release|Any CPU.Build.0 = Release|Any CPU
		{C0B780DF-9D25-4EDF-89BE-76177B6BF498}.Debug|Any CPU.ActiveCfg = Debug|Any CPU
		{C0B780DF-9D25-4EDF-89BE-76177B6BF498}.Debug|Any CPU.Build.0 = Debug|Any CPU
		{C0B780DF-9D25-4EDF-89BE-76177B6BF498}.Release|Any CPU.ActiveCfg = Release|Any CPU
		{C0B780DF-9D25-4EDF-89BE-76177B6BF498}.Release|Any CPU.Build.0 = Release|Any CPU
		{13ECB0DB-E99D-4D05-97E8-138EB3884353}.Debug|Any CPU.ActiveCfg = Debug|Any CPU
		{13ECB0DB-E99D-4D05-97E8-138EB3884353}.Debug|Any CPU.Build.0 = Debug|Any CPU
		{13ECB0DB-E99D-4D05-97E8-138EB3884353}.Release|Any CPU.ActiveCfg = Release|Any CPU
		{13ECB0DB-E99D-4D05-97E8-138EB3884353}.Release|Any CPU.Build.0 = Release|Any CPU
		{9CA71E35-CA1A-4277-B6F8-DAD07F86AAE3}.Debug|Any CPU.ActiveCfg = Debug|Any CPU
		{9CA71E35-CA1A-4277-B6F8-DAD07F86AAE3}.Debug|Any CPU.Build.0 = Debug|Any CPU
		{9CA71E35-CA1A-4277-B6F8-DAD07F86AAE3}.Release|Any CPU.ActiveCfg = Release|Any CPU
		{9CA71E35-CA1A-4277-B6F8-DAD07F86AAE3}.Release|Any CPU.Build.0 = Release|Any CPU
		{369FD581-2F6F-47F0-80F3-25F8209FFDD0}.Debug|Any CPU.ActiveCfg = Debug|Any CPU
		{369FD581-2F6F-47F0-80F3-25F8209FFDD0}.Debug|Any CPU.Build.0 = Debug|Any CPU
		{369FD581-2F6F-47F0-80F3-25F8209FFDD0}.Release|Any CPU.ActiveCfg = Release|Any CPU
		{369FD581-2F6F-47F0-80F3-25F8209FFDD0}.Release|Any CPU.Build.0 = Release|Any CPU
	EndGlobalSection
	GlobalSection(SolutionProperties) = preSolution
		HideSolutionNode = FALSE
	EndGlobalSection
	GlobalSection(NestedProjects) = preSolution
		{D59B5ED1-EEEA-4145-9337-B58694639E1D} = {55176B29-8A0D-458B-8CC0-D0CAF93D40BF}
		{C92BB4E6-842A-438A-8700-1FCE50AD123A} = {2227F8C8-D9C9-4828-89B4-AC059EBDCF9B}
		{D1A512A3-DD04-4E9C-B758-4C7953EE3606} = {2227F8C8-D9C9-4828-89B4-AC059EBDCF9B}
		{F630EF68-B9D0-4993-B47E-25374CF51C0A} = {76EB23E0-57D2-452E-BDB3-CE26B9E7234A}
		{F9BBFC7C-C4FA-4151-8A3E-CB2B6655A5B4} = {76EB23E0-57D2-452E-BDB3-CE26B9E7234A}
		{751C49B8-4129-4BFA-9834-7E1B7119368B} = {BB8368FA-BE14-4A3A-8FAD-BDA6CBDB8C64}
		{4784AB7A-0B87-436A-8E96-D4D63BB9C0E2} = {BB8368FA-BE14-4A3A-8FAD-BDA6CBDB8C64}
		{449CE943-4EF2-4DDF-AD16-37DCC62CFCFD} = {C92BB4E6-842A-438A-8700-1FCE50AD123A}
		{5661CBBC-D134-49D6-A3BB-44EB0DC87759} = {C92BB4E6-842A-438A-8700-1FCE50AD123A}
		{B6AFA26B-B8D7-4DF6-8AB2-5AD3A8D216E3} = {D1A512A3-DD04-4E9C-B758-4C7953EE3606}
		{FB32BF28-C112-4EA0-A45D-D117E69CAF87} = {D1A512A3-DD04-4E9C-B758-4C7953EE3606}
		{FDC8D88E-569D-45DF-B1D9-0F0A75B640CC} = {F9BBFC7C-C4FA-4151-8A3E-CB2B6655A5B4}
		{C0B780DF-9D25-4EDF-89BE-76177B6BF498} = {F9BBFC7C-C4FA-4151-8A3E-CB2B6655A5B4}
		{13ECB0DB-E99D-4D05-97E8-138EB3884353} = {F630EF68-B9D0-4993-B47E-25374CF51C0A}
		{36A40F78-1E26-4067-89AA-81962EF1BE63} = {BB8368FA-BE14-4A3A-8FAD-BDA6CBDB8C64}
		{9CA71E35-CA1A-4277-B6F8-DAD07F86AAE3} = {D59B5ED1-EEEA-4145-9337-B58694639E1D}
		{91665DC0-B470-488C-9047-A89614668F85} = {76EB23E0-57D2-452E-BDB3-CE26B9E7234A}
		{369FD581-2F6F-47F0-80F3-25F8209FFDD0} = {91665DC0-B470-488C-9047-A89614668F85}
		{7793F3F0-1D38-495B-8E47-2F1F94C37D3F} = {4784AB7A-0B87-436A-8E96-D4D63BB9C0E2}
	EndGlobalSection
	GlobalSection(ExtensibilityGlobals) = postSolution
		EnterpriseLibraryConfigurationToolBinariesPath = packages\TransientFaultHandling.Core.5.1.1209.1\lib\NET4
		SolutionGuid = {4A78DFE2-98F5-44B4-B405-3993A6D3CFC3}
	EndGlobalSection
EndGlobal
